{
  "version": 4,
  "terraform_version": "1.2.0",
  "serial": 39,
  "lineage": "9ee4eab9-45a7-9ce2-6e6e-53b6ac4e4f58",
  "outputs": {},
  "resources": [
    {
      "module": "module.Demo_Azure_Module_PublicIp",
      "mode": "managed",
      "type": "azurerm_public_ip",
      "name": "MyVMPublicIP",
      "provider": "provider[\"registry.terraform.io/hashicorp/azurerm\"]",
      "instances": [
        {
          "schema_version": 0,
          "attributes": {
            "allocation_method": "Dynamic",
            "domain_name_label": null,
            "edge_zone": "",
            "fqdn": null,
            "id": "/subscriptions/8232c07e-0e02-4f7f-8e27-bf702303241c/resourceGroups/demo_RG_new/providers/Microsoft.Network/publicIPAddresses/PublicIpname",
            "idle_timeout_in_minutes": 4,
            "ip_address": "",
            "ip_tags": {},
            "ip_version": "IPv4",
            "location": "westeurope",
            "name": "PublicIpname",
            "public_ip_prefix_id": null,
            "resource_group_name": "demo_RG_new",
            "reverse_fqdn": null,
            "sku": "Basic",
            "sku_tier": "Regional",
            "tags": {},
            "timeouts": null,
            "zones": []
          },
          "sensitive_attributes": [],
          "private": "eyJlMmJmYjczMC1lY2FhLTExZTYtOGY4OC0zNDM2M2JjN2M0YzAiOnsiY3JlYXRlIjoxODAwMDAwMDAwMDAwLCJkZWxldGUiOjE4MDAwMDAwMDAwMDAsInJlYWQiOjMwMDAwMDAwMDAwMCwidXBkYXRlIjoxODAwMDAwMDAwMDAwfX0=",
          "dependencies": [
            "module.Demo_Azure_Module_RG.azurerm_resource_group.example_rg",
            "module.Demo_Azure_Module_Subnet.azurerm_subnet.example",
            "module.Demo_Azure_Module_VNet.azurerm_virtual_network.example1"
          ]
        }
      ]
    },
    {
      "module": "module.Demo_Azure_Module_RG",
      "mode": "managed",
      "type": "azurerm_resource_group",
      "name": "example_rg",
      "provider": "provider[\"registry.terraform.io/hashicorp/azurerm\"]",
      "instances": [
        {
          "schema_version": 0,
          "attributes": {
            "id": "/subscriptions/8232c07e-0e02-4f7f-8e27-bf702303241c/resourceGroups/demo_RG_new",
            "location": "westeurope",
            "name": "demo_RG_new",
            "tags": null,
            "timeouts": null
          },
          "sensitive_attributes": [],
          "private": "eyJlMmJmYjczMC1lY2FhLTExZTYtOGY4OC0zNDM2M2JjN2M0YzAiOnsiY3JlYXRlIjo1NDAwMDAwMDAwMDAwLCJkZWxldGUiOjU0MDAwMDAwMDAwMDAsInJlYWQiOjMwMDAwMDAwMDAwMCwidXBkYXRlIjo1NDAwMDAwMDAwMDAwfX0="
        }
      ]
    },
    {
      "module": "module.Demo_Azure_Module_Subnet",
      "mode": "managed",
      "type": "azurerm_subnet",
      "name": "example",
      "provider": "provider[\"registry.terraform.io/hashicorp/azurerm\"]",
      "instances": [
        {
          "schema_version": 0,
          "attributes": {
            "address_prefixes": [
              "10.0.1.0/24"
            ],
            "delegation": [],
            "enforce_private_link_endpoint_network_policies": false,
            "enforce_private_link_service_network_policies": false,
            "id": "/subscriptions/8232c07e-0e02-4f7f-8e27-bf702303241c/resourceGroups/demo_RG_new/providers/Microsoft.Network/virtualNetworks/sample-vnet/subnets/example_subnet",
            "name": "example_subnet",
            "resource_group_name": "demo_RG_new",
            "service_endpoint_policy_ids": [],
            "service_endpoints": [],
            "timeouts": null,
            "virtual_network_name": "sample-vnet"
          },
          "sensitive_attributes": [],
          "private": "eyJlMmJmYjczMC1lY2FhLTExZTYtOGY4OC0zNDM2M2JjN2M0YzAiOnsiY3JlYXRlIjoxODAwMDAwMDAwMDAwLCJkZWxldGUiOjE4MDAwMDAwMDAwMDAsInJlYWQiOjMwMDAwMDAwMDAwMCwidXBkYXRlIjoxODAwMDAwMDAwMDAwfX0=",
          "dependencies": [
            "module.Demo_Azure_Module_RG.azurerm_resource_group.example_rg",
            "module.Demo_Azure_Module_VNet.azurerm_virtual_network.example1"
          ]
        }
      ]
    },
    {
      "module": "module.Demo_Azure_Module_VNet",
      "mode": "managed",
      "type": "azurerm_virtual_network",
      "name": "example1",
      "provider": "provider[\"registry.terraform.io/hashicorp/azurerm\"]",
      "instances": [
        {
          "schema_version": 0,
          "attributes": {
            "address_space": [
              "10.0.0.0/16"
            ],
            "bgp_community": "",
            "ddos_protection_plan": [],
            "dns_servers": [],
            "edge_zone": "",
            "flow_timeout_in_minutes": 0,
            "guid": "e689374e-5f11-4e7f-bbc2-025f120f812d",
            "id": "/subscriptions/8232c07e-0e02-4f7f-8e27-bf702303241c/resourceGroups/demo_RG_new/providers/Microsoft.Network/virtualNetworks/sample-vnet",
            "location": "westeurope",
            "name": "sample-vnet",
            "resource_group_name": "demo_RG_new",
            "subnet": [],
            "tags": null,
            "timeouts": null
          },
          "sensitive_attributes": [],
          "private": "eyJlMmJmYjczMC1lY2FhLTExZTYtOGY4OC0zNDM2M2JjN2M0YzAiOnsiY3JlYXRlIjoxODAwMDAwMDAwMDAwLCJkZWxldGUiOjE4MDAwMDAwMDAwMDAsInJlYWQiOjMwMDAwMDAwMDAwMCwidXBkYXRlIjoxODAwMDAwMDAwMDAwfX0=",
          "dependencies": [
            "module.Demo_Azure_Module_RG.azurerm_resource_group.example_rg"
          ]
        }
      ]
    }
  ]
}
